
Microsoft Visual Studio Solution File, Format Version 11.00
# Visual Studio 2010
Project("{FAE04EC0-301F-11D3-BF4B-00C04F79EFBC}") = "Project1", "Project1\Project1.csproj", "{D9A84D00-99F3-4E86-BD13-076BE3454FDC}"
EndProject
Project("{FAE04EC0-301F-11D3-BF4B-00C04F79EFBC}") = "Model", "Model\Model.csproj", "{E5D092F2-0414-47BB-AFF7-6542E10A1A03}"
EndProject
Project("{FAE04EC0-301F-11D3-BF4B-00C04F79EFBC}") = "DBAcessLayer", "DBAcessLayer\DBAcessLayer.csproj", "{1C76D4B8-DC0B-47AA-A229-7D46095DF464}"
EndProject
Project("{FAE04EC0-301F-11D3-BF4B-00C04F79EFBC}") = "LogicLayer", "LogicLayer\LogicLayer.csproj", "{9BEBB268-E221-40A8-990C-BA99051C87E7}"
EndProject
Global
	GlobalSection(SolutionConfigurationPlatforms) = preSolution
		Debug|Any CPU = Debug|Any CPU
		Debug|Mixed Platforms = Debug|Mixed Platforms
		Debug|x86 = Debug|x86
		Release|Any CPU = Release|Any CPU
		Release|Mixed Platforms = Release|Mixed Platforms
		Release|x86 = Release|x86
	EndGlobalSection
	GlobalSection(ProjectConfigurationPlatforms) = postSolution
		{D9A84D00-99F3-4E86-BD13-076BE3454FDC}.Debug|Any CPU.ActiveCfg = Debug|x86
		{D9A84D00-99F3-4E86-BD13-076BE3454FDC}.Debug|Mixed Platforms.ActiveCfg = Debug|x86
		{D9A84D00-99F3-4E86-BD13-076BE3454FDC}.Debug|Mixed Platforms.Build.0 = Debug|x86
		{D9A84D00-99F3-4E86-BD13-076BE3454FDC}.Debug|x86.ActiveCfg = Debug|x86
		{D9A84D00-99F3-4E86-BD13-076BE3454FDC}.Debug|x86.Build.0 = Debug|x86
		{D9A84D00-99F3-4E86-BD13-076BE3454FDC}.Release|Any CPU.ActiveCfg = Release|x86
		{D9A84D00-99F3-4E86-BD13-076BE3454FDC}.Release|Mixed Platforms.ActiveCfg = Release|x86
		{D9A84D00-99F3-4E86-BD13-076BE3454FDC}.Release|Mixed Platforms.Build.0 = Release|x86
		{D9A84D00-99F3-4E86-BD13-076BE3454FDC}.Release|x86.ActiveCfg = Release|x86
		{D9A84D00-99F3-4E86-BD13-076BE3454FDC}.Release|x86.Build.0 = Release|x86
		{E5D092F2-0414-47BB-AFF7-6542E10A1A03}.Debug|Any CPU.ActiveCfg = Debug|Any CPU
		{E5D092F2-0414-47BB-AFF7-6542E10A1A03}.Debug|Any CPU.Build.0 = Debug|Any CPU
		{E5D092F2-0414-47BB-AFF7-6542E10A1A03}.Debug|Mixed Platforms.ActiveCfg = Debug|Any CPU
		{E5D092F2-0414-47BB-AFF7-6542E10A1A03}.Debug|Mixed Platforms.Build.0 = Debug|Any CPU
		{E5D092F2-0414-47BB-AFF7-6542E10A1A03}.Debug|x86.ActiveCfg = Debug|Any CPU
		{E5D092F2-0414-47BB-AFF7-6542E10A1A03}.Release|Any CPU.ActiveCfg = Release|Any CPU
		{E5D092F2-0414-47BB-AFF7-6542E10A1A03}.Release|Any CPU.Build.0 = Release|Any CPU
		{E5D092F2-0414-47BB-AFF7-6542E10A1A03}.Release|Mixed Platforms.ActiveCfg = Release|Any CPU
		{E5D092F2-0414-47BB-AFF7-6542E10A1A03}.Release|Mixed Platforms.Build.0 = Release|Any CPU
		{E5D092F2-0414-47BB-AFF7-6542E10A1A03}.Release|x86.ActiveCfg = Release|Any CPU
		{1C76D4B8-DC0B-47AA-A229-7D46095DF464}.Debug|Any CPU.ActiveCfg = Debug|Any CPU
		{1C76D4B8-DC0B-47AA-A229-7D46095DF464}.Debug|Any CPU.Build.0 = Debug|Any CPU
		{1C76D4B8-DC0B-47AA-A229-7D46095DF464}.Debug|Mixed Platforms.ActiveCfg = Debug|Any CPU
		{1C76D4B8-DC0B-47AA-A229-7D46095DF464}.Debug|Mixed Platforms.Build.0 = Debug|Any CPU
		{1C76D4B8-DC0B-47AA-A229-7D46095DF464}.Debug|x86.ActiveCfg = Debug|Any CPU
		{1C76D4B8-DC0B-47AA-A229-7D46095DF464}.Release|Any CPU.ActiveCfg = Release|Any CPU
		{1C76D4B8-DC0B-47AA-A229-7D46095DF464}.Release|Any CPU.Build.0 = Release|Any CPU
		{1C76D4B8-DC0B-47AA-A229-7D46095DF464}.Release|Mixed Platforms.ActiveCfg = Release|Any CPU
		{1C76D4B8-DC0B-47AA-A229-7D46095DF464}.Release|Mixed Platforms.Build.0 = Release|Any CPU
		{1C76D4B8-DC0B-47AA-A229-7D46095DF464}.Release|x86.ActiveCfg = Release|Any CPU
		{9BEBB268-E221-40A8-990C-BA99051C87E7}.Debug|Any CPU.ActiveCfg = Debug|Any CPU
		{9BEBB268-E221-40A8-990C-BA99051C87E7}.Debug|Any CPU.Build.0 = Debug|Any CPU
		{9BEBB268-E221-40A8-990C-BA99051C87E7}.Debug|Mixed Platforms.ActiveCfg = Debug|Any CPU
		{9BEBB268-E221-40A8-990C-BA99051C87E7}.Debug|Mixed Platforms.Build.0 = Debug|Any CPU
		{9BEBB268-E221-40A8-990C-BA99051C87E7}.Debug|x86.ActiveCfg = Debug|Any CPU
		{9BEBB268-E221-40A8-990C-BA99051C87E7}.Release|Any CPU.ActiveCfg = Release|Any CPU
		{9BEBB268-E221-40A8-990C-BA99051C87E7}.Release|Any CPU.Build.0 = Release|Any CPU
		{9BEBB268-E221-40A8-990C-BA99051C87E7}.Release|Mixed Platforms.ActiveCfg = Release|Any CPU
		{9BEBB268-E221-40A8-990C-BA99051C87E7}.Release|Mixed Platforms.Build.0 = Release|Any CPU
		{9BEBB268-E221-40A8-990C-BA99051C87E7}.Release|x86.ActiveCfg = Release|Any CPU
	EndGlobalSection
	GlobalSection(SolutionProperties) = preSolution
		HideSolutionNode = FALSE
	EndGlobalSection
EndGlobal
