
Microsoft Visual Studio Solution File, Format Version 12.00
# Visual Studio Version 16
VisualStudioVersion = 16.0.30804.86
MinimumVisualStudioVersion = 10.0.40219.1
Project("{FAE04EC0-301F-11D3-BF4B-00C04F79EFBC}") = "Jahangirnagar University", "Jahangirnagar University\Jahangirnagar University\Jahangirnagar University.csproj", "{1EF46160-549B-41CA-9B49-884CC53AF43E}"
EndProject
Project("{FAE04EC0-301F-11D3-BF4B-00C04F79EFBC}") = "DBAcessLayer", "DBAcessLayer\DBAcessLayer.csproj", "{8872731F-ED3A-4121-94C9-B04C6A29EC9E}"
EndProject
Project("{FAE04EC0-301F-11D3-BF4B-00C04F79EFBC}") = "LogicLayer", "LogicLayer\LogicLayer.csproj", "{BD0760A9-560A-482C-98EF-26D1CD91B237}"
EndProject
Global
	GlobalSection(SolutionConfigurationPlatforms) = preSolution
		Debug|Any CPU = Debug|Any CPU
		Debug|Mixed Platforms = Debug|Mixed Platforms
		Debug|x86 = Debug|x86
		Release|Any CPU = Release|Any CPU
		Release|Mixed Platforms = Release|Mixed Platforms
		Release|x86 = Release|x86
	EndGlobalSection
	GlobalSection(ProjectConfigurationPlatforms) = postSolution
		{1EF46160-549B-41CA-9B49-884CC53AF43E}.Debug|Any CPU.ActiveCfg = Debug|Any CPU
		{1EF46160-549B-41CA-9B49-884CC53AF43E}.Debug|Any CPU.Build.0 = Debug|Any CPU
		{1EF46160-549B-41CA-9B49-884CC53AF43E}.Debug|Mixed Platforms.ActiveCfg = Debug|Any CPU
		{1EF46160-549B-41CA-9B49-884CC53AF43E}.Debug|Mixed Platforms.Build.0 = Debug|Any CPU
		{1EF46160-549B-41CA-9B49-884CC53AF43E}.Debug|x86.ActiveCfg = Debug|Any CPU
		{1EF46160-549B-41CA-9B49-884CC53AF43E}.Debug|x86.Build.0 = Debug|Any CPU
		{1EF46160-549B-41CA-9B49-884CC53AF43E}.Release|Any CPU.ActiveCfg = Release|Any CPU
		{1EF46160-549B-41CA-9B49-884CC53AF43E}.Release|Any CPU.Build.0 = Release|Any CPU
		{1EF46160-549B-41CA-9B49-884CC53AF43E}.Release|Mixed Platforms.ActiveCfg = Release|Any CPU
		{1EF46160-549B-41CA-9B49-884CC53AF43E}.Release|Mixed Platforms.Build.0 = Release|Any CPU
		{1EF46160-549B-41CA-9B49-884CC53AF43E}.Release|x86.ActiveCfg = Release|Any CPU
		{1EF46160-549B-41CA-9B49-884CC53AF43E}.Release|x86.Build.0 = Release|Any CPU
		{8872731F-ED3A-4121-94C9-B04C6A29EC9E}.Debug|Any CPU.ActiveCfg = Debug|Any CPU
		{8872731F-ED3A-4121-94C9-B04C6A29EC9E}.Debug|Any CPU.Build.0 = Debug|Any CPU
		{8872731F-ED3A-4121-94C9-B04C6A29EC9E}.Debug|Mixed Platforms.ActiveCfg = Debug|Any CPU
		{8872731F-ED3A-4121-94C9-B04C6A29EC9E}.Debug|Mixed Platforms.Build.0 = Debug|Any CPU
		{8872731F-ED3A-4121-94C9-B04C6A29EC9E}.Debug|x86.ActiveCfg = Debug|Any CPU
		{8872731F-ED3A-4121-94C9-B04C6A29EC9E}.Debug|x86.Build.0 = Debug|Any CPU
		{8872731F-ED3A-4121-94C9-B04C6A29EC9E}.Release|Any CPU.ActiveCfg = Release|Any CPU
		{8872731F-ED3A-4121-94C9-B04C6A29EC9E}.Release|Any CPU.Build.0 = Release|Any CPU
		{8872731F-ED3A-4121-94C9-B04C6A29EC9E}.Release|Mixed Platforms.ActiveCfg = Release|Any CPU
		{8872731F-ED3A-4121-94C9-B04C6A29EC9E}.Release|Mixed Platforms.Build.0 = Release|Any CPU
		{8872731F-ED3A-4121-94C9-B04C6A29EC9E}.Release|x86.ActiveCfg = Release|Any CPU
		{8872731F-ED3A-4121-94C9-B04C6A29EC9E}.Release|x86.Build.0 = Release|Any CPU
		{BD0760A9-560A-482C-98EF-26D1CD91B237}.Debug|Any CPU.ActiveCfg = Debug|Any CPU
		{BD0760A9-560A-482C-98EF-26D1CD91B237}.Debug|Any CPU.Build.0 = Debug|Any CPU
		{BD0760A9-560A-482C-98EF-26D1CD91B237}.Debug|Mixed Platforms.ActiveCfg = Debug|Any CPU
		{BD0760A9-560A-482C-98EF-26D1CD91B237}.Debug|Mixed Platforms.Build.0 = Debug|Any CPU
		{BD0760A9-560A-482C-98EF-26D1CD91B237}.Debug|x86.ActiveCfg = Debug|Any CPU
		{BD0760A9-560A-482C-98EF-26D1CD91B237}.Debug|x86.Build.0 = Debug|Any CPU
		{BD0760A9-560A-482C-98EF-26D1CD91B237}.Release|Any CPU.ActiveCfg = Release|Any CPU
		{BD0760A9-560A-482C-98EF-26D1CD91B237}.Release|Any CPU.Build.0 = Release|Any CPU
		{BD0760A9-560A-482C-98EF-26D1CD91B237}.Release|Mixed Platforms.ActiveCfg = Release|Any CPU
		{BD0760A9-560A-482C-98EF-26D1CD91B237}.Release|Mixed Platforms.Build.0 = Release|Any CPU
		{BD0760A9-560A-482C-98EF-26D1CD91B237}.Release|x86.ActiveCfg = Release|Any CPU
		{BD0760A9-560A-482C-98EF-26D1CD91B237}.Release|x86.Build.0 = Release|Any CPU
	EndGlobalSection
	GlobalSection(SolutionProperties) = preSolution
		HideSolutionNode = FALSE
	EndGlobalSection
	GlobalSection(ExtensibilityGlobals) = postSolution
		SolutionGuid = {3B91D07A-C1DC-4738-A4B3-C5FDDE5C9D18}
	EndGlobalSection
EndGlobal
